
Microsoft Visual Studio Solution File, Format Version 12.00
# Visual Studio Version 17
VisualStudioVersion = 17.11.35327.3
MinimumVisualStudioVersion = 10.0.40219.1
Project("{8BC9CEB8-8B4A-11D0-8D11-00A0C91BC942}") = "Refinement", "Refinement.vcxproj", "{C2989D25-64C8-47BE-9A34-DB18C3B2CCEA}"
EndProject
Global
	GlobalSection(SolutionConfigurationPlatforms) = preSolution
		Debug|x64 = Debug|x64
		Debug|x86 = Debug|x86
		PULL|x64 = PULL|x64
		PULL|x86 = PULL|x86
		PUSH|x64 = PUSH|x64
		PUSH|x86 = PUSH|x86
		Release|x64 = Release|x64
		Release|x86 = Release|x86
	EndGlobalSection
	GlobalSection(ProjectConfigurationPlatforms) = postSolution
		{C2989D25-64C8-47BE-9A34-DB18C3B2CCEA}.Debug|x64.ActiveCfg = Debug|x64
		{C2989D25-64C8-47BE-9A34-DB18C3B2CCEA}.Debug|x64.Build.0 = Debug|x64
		{C2989D25-64C8-47BE-9A34-DB18C3B2CCEA}.Debug|x86.ActiveCfg = Debug|Win32
		{C2989D25-64C8-47BE-9A34-DB18C3B2CCEA}.Debug|x86.Build.0 = Debug|Win32
		{C2989D25-64C8-47BE-9A34-DB18C3B2CCEA}.PULL|x64.ActiveCfg = PULL|x64
		{C2989D25-64C8-47BE-9A34-DB18C3B2CCEA}.PULL|x64.Build.0 = PULL|x64
		{C2989D25-64C8-47BE-9A34-DB18C3B2CCEA}.PULL|x86.ActiveCfg = PULL|Win32
		{C2989D25-64C8-47BE-9A34-DB18C3B2CCEA}.PULL|x86.Build.0 = PULL|Win32
		{C2989D25-64C8-47BE-9A34-DB18C3B2CCEA}.PUSH|x64.ActiveCfg = PUSH|x64
		{C2989D25-64C8-47BE-9A34-DB18C3B2CCEA}.PUSH|x64.Build.0 = PUSH|x64
		{C2989D25-64C8-47BE-9A34-DB18C3B2CCEA}.PUSH|x86.ActiveCfg = PUSH|Win32
		{C2989D25-64C8-47BE-9A34-DB18C3B2CCEA}.PUSH|x86.Build.0 = PUSH|Win32
		{C2989D25-64C8-47BE-9A34-DB18C3B2CCEA}.Release|x64.ActiveCfg = Release|x64
		{C2989D25-64C8-47BE-9A34-DB18C3B2CCEA}.Release|x64.Build.0 = Release|x64
		{C2989D25-64C8-47BE-9A34-DB18C3B2CCEA}.Release|x86.ActiveCfg = Release|Win32
		{C2989D25-64C8-47BE-9A34-DB18C3B2CCEA}.Release|x86.Build.0 = Release|Win32
	EndGlobalSection
	GlobalSection(SolutionProperties) = preSolution
		HideSolutionNode = FALSE
	EndGlobalSection
	GlobalSection(ExtensibilityGlobals) = postSolution
		SolutionGuid = {BC8F9226-5CAA-4DBE-B4E5-C5549396BC60}
	EndGlobalSection
EndGlobal
